<?xml version="1.0" encoding="UTF-8"?>
<CONFIG>
  <ProjectOptions>
    <Version Value="10"/>
    <PathDelim Value="\"/>
    <General>
      <MainUnit Value="0"/>
      <Title Value="pmakegui"/>
      <ResourceType Value="res"/>
      <UseXPManifest Value="True"/>
      <Icon Value="0"/>
    </General>
    <i18n>
      <EnableI18N Value="True"/>
      <OutDir Value="languages"/>
    </i18n>
    <BuildModes Count="1" Active="Default">
      <Item1 Name="Default" Default="True"/>
    </BuildModes>
    <PublishOptions>
      <Version Value="2"/>
    </PublishOptions>
    <RunParams>
      <local>
        <FormatVersion Value="1"/>
      </local>
    </RunParams>
    <RequiredPackages Count="1">
      <Item1>
        <PackageName Value="LCL"/>
      </Item1>
    </RequiredPackages>
    <Units Count="20">
      <Unit0>
        <Filename Value="pmakegui.lpr"/>
        <IsPartOfProject Value="True"/>
        <UsageCount Value="70"/>
      </Unit0>
      <Unit1>
        <Filename Value="Main.pas"/>
        <IsPartOfProject Value="True"/>
        <ComponentName Value="PMakeGUIForm"/>
        <HasResources Value="True"/>
        <ResourceBaseClass Value="Form"/>
        <TopLine Value="111"/>
        <CursorPos X="46" Y="119"/>
        <UsageCount Value="70"/>
        <Loaded Value="True"/>
        <LoadedDesigner Value="True"/>
      </Unit1>
      <Unit2>
        <Filename Value="About.pas"/>
        <IsPartOfProject Value="True"/>
        <ComponentName Value="AboutForm"/>
        <HasResources Value="True"/>
        <ResourceBaseClass Value="Form"/>
        <IsVisibleTab Value="True"/>
        <EditorIndex Value="1"/>
        <TopLine Value="67"/>
        <CursorPos X="50" Y="77"/>
        <UsageCount Value="69"/>
        <Loaded Value="True"/>
        <LoadedDesigner Value="True"/>
      </Unit2>
      <Unit3>
        <Filename Value="License.pas"/>
        <IsPartOfProject Value="True"/>
        <ComponentName Value="LicenseForm"/>
        <HasResources Value="True"/>
        <ResourceBaseClass Value="Form"/>
        <EditorIndex Value="-1"/>
        <UsageCount Value="69"/>
      </Unit3>
      <Unit4>
        <Filename Value="C:\Work\develop\fpc-2.6.4.source\fpc-2.6.4\rtl\objpas\sysutils\finah.inc"/>
        <EditorIndex Value="-1"/>
        <TopLine Value="13"/>
        <CursorPos X="10" Y="27"/>
        <UsageCount Value="32"/>
      </Unit4>
      <Unit5>
        <Filename Value="..\fmake\ufmake.pas"/>
        <EditorIndex Value="-1"/>
        <TopLine Value="100"/>
        <CursorPos X="29" Y="114"/>
        <UsageCount Value="32"/>
      </Unit5>
      <Unit6>
        <Filename Value="C:\Work\develop\lazarus\lcl\include\customedit.inc"/>
        <EditorIndex Value="-1"/>
        <TopLine Value="516"/>
        <CursorPos Y="530"/>
        <UsageCount Value="26"/>
      </Unit6>
      <Unit7>
        <Filename Value="..\fmake\compiler.pas"/>
        <EditorIndex Value="-1"/>
        <TopLine Value="159"/>
        <CursorPos X="18" Y="208"/>
        <UsageCount Value="26"/>
      </Unit7>
      <Unit8>
        <Filename Value="C:\Work\develop\fpc-2.6.4.source\fpc-2.6.4\packages\fpmkunit\src\fpmkunit.pp"/>
        <EditorIndex Value="-1"/>
        <TopLine Value="1759"/>
        <CursorPos Y="1786"/>
        <UsageCount Value="26"/>
      </Unit8>
      <Unit9>
        <Filename Value="C:\Work\develop\fpc-2.6.4.source\fpc-2.6.4\rtl\objpas\typinfo.pp"/>
        <EditorIndex Value="-1"/>
        <TopLine Value="344"/>
        <CursorPos X="10" Y="358"/>
        <UsageCount Value="26"/>
      </Unit9>
      <Unit10>
        <Filename Value="C:\lazarus\lcl\defaulttranslator.pas"/>
        <UnitName Value="DefaultTranslator"/>
        <EditorIndex Value="-1"/>
        <TopLine Value="13"/>
        <CursorPos X="16" Y="31"/>
        <UsageCount Value="10"/>
      </Unit10>
      <Unit11>
        <Filename Value="..\pmake\pmake.pp"/>
        <UnitName Value="fmake"/>
        <EditorIndex Value="-1"/>
        <TopLine Value="16"/>
        <CursorPos X="18" Y="69"/>
        <UsageCount Value="10"/>
      </Unit11>
      <Unit12>
        <Filename Value="..\README.md"/>
        <EditorIndex Value="-1"/>
        <CursorPos X="165" Y="7"/>
        <UsageCount Value="10"/>
        <DefaultSyntaxHighlighter Value="None"/>
      </Unit12>
      <Unit13>
        <Filename Value="..\doc\introduction.rst"/>
        <EditorIndex Value="-1"/>
        <CursorPos X="297" Y="8"/>
        <UsageCount Value="10"/>
        <DefaultSyntaxHighlighter Value="None"/>
      </Unit13>
      <Unit14>
        <Filename Value="..\doc\index.rst"/>
        <EditorIndex Value="-1"/>
        <CursorPos X="3" Y="9"/>
        <UsageCount Value="10"/>
        <DefaultSyntaxHighlighter Value="None"/>
      </Unit14>
      <Unit15>
        <Filename Value="pmakegui.lps"/>
        <EditorIndex Value="-1"/>
        <TopLine Value="65"/>
        <CursorPos X="78" Y="74"/>
        <UsageCount Value="10"/>
        <DefaultSyntaxHighlighter Value="XML"/>
      </Unit15>
      <Unit16>
        <Filename Value="..\pmake\pmake_variables.pas"/>
        <EditorIndex Value="4"/>
        <TopLine Value="20"/>
        <CursorPos X="23" Y="28"/>
        <UsageCount Value="11"/>
        <Loaded Value="True"/>
      </Unit16>
      <Unit17>
        <Filename Value="..\pmake\pmake_utilities.pas"/>
        <EditorIndex Value="2"/>
        <TopLine Value="7"/>
        <CursorPos X="45" Y="19"/>
        <UsageCount Value="11"/>
        <Loaded Value="True"/>
      </Unit17>
      <Unit18>
        <Filename Value="..\pmake\make_main.pas"/>
        <EditorIndex Value="3"/>
        <TopLine Value="82"/>
        <CursorPos X="3" Y="83"/>
        <UsageCount Value="11"/>
        <Loaded Value="True"/>
      </Unit18>
      <Unit19>
        <Filename Value="git.inc"/>
        <EditorIndex Value="-1"/>
        <UsageCount Value="10"/>
      </Unit19>
    </Units>
    <JumpHistory Count="29" HistoryIndex="28">
      <Position1>
        <Filename Value="Main.pas"/>
        <Caret Line="99" Column="3" TopLine="90"/>
      </Position1>
      <Position2>
        <Filename Value="Main.pas"/>
        <Caret Line="100" Column="15" TopLine="92"/>
      </Position2>
      <Position3>
        <Filename Value="..\pmake\make_main.pas"/>
        <Caret Line="11" Column="19" TopLine="7"/>
      </Position3>
      <Position4>
        <Filename Value="..\pmake\make_main.pas"/>
        <Caret Line="83" Column="3" TopLine="82"/>
      </Position4>
      <Position5>
        <Filename Value="..\pmake\pmake_variables.pas"/>
        <Caret Line="19" Column="45" TopLine="14"/>
      </Position5>
      <Position6>
        <Filename Value="..\pmake\pmake_variables.pas"/>
        <Caret Line="428" Column="87" TopLine="416"/>
      </Position6>
      <Position7>
        <Filename Value="About.pas"/>
        <Caret Line="76" Column="93" TopLine="69"/>
      </Position7>
      <Position8>
        <Filename Value="..\pmake\pmake_utilities.pas"/>
        <Caret Column="21"/>
      </Position8>
      <Position9>
        <Filename Value="About.pas"/>
        <Caret Line="76" Column="112" TopLine="67"/>
      </Position9>
      <Position10>
        <Filename Value="About.pas"/>
        <Caret Line="77" Column="91" TopLine="68"/>
      </Position10>
      <Position11>
        <Filename Value="Main.pas"/>
        <Caret Line="167" Column="16" TopLine="163"/>
      </Position11>
      <Position12>
        <Filename Value="Main.pas"/>
        <Caret Line="112" TopLine="108"/>
      </Position12>
      <Position13>
        <Filename Value="Main.pas"/>
        <Caret Line="120" TopLine="107"/>
      </Position13>
      <Position14>
        <Filename Value="Main.pas"/>
        <Caret Line="112" TopLine="107"/>
      </Position14>
      <Position15>
        <Filename Value="Main.pas"/>
        <Caret Line="96" TopLine="90"/>
      </Position15>
      <Position16>
        <Filename Value="Main.pas"/>
        <Caret Line="97" TopLine="90"/>
      </Position16>
      <Position17>
        <Filename Value="Main.pas"/>
        <Caret Line="100" Column="38" TopLine="90"/>
      </Position17>
      <Position18>
        <Filename Value="Main.pas"/>
        <Caret Line="93" Column="24" TopLine="90"/>
      </Position18>
      <Position19>
        <Filename Value="Main.pas"/>
        <Caret Line="115" TopLine="106"/>
      </Position19>
      <Position20>
        <Filename Value="Main.pas"/>
        <Caret Line="96" TopLine="87"/>
      </Position20>
      <Position21>
        <Filename Value="Main.pas"/>
        <Caret Line="97" TopLine="87"/>
      </Position21>
      <Position22>
        <Filename Value="Main.pas"/>
        <Caret Line="99" TopLine="87"/>
      </Position22>
      <Position23>
        <Filename Value="Main.pas"/>
        <Caret Line="100" TopLine="87"/>
      </Position23>
      <Position24>
        <Filename Value="Main.pas"/>
        <Caret Line="102" TopLine="87"/>
      </Position24>
      <Position25>
        <Filename Value="Main.pas"/>
        <Caret Line="103" TopLine="88"/>
      </Position25>
      <Position26>
        <Filename Value="Main.pas"/>
        <Caret Line="105" TopLine="90"/>
      </Position26>
      <Position27>
        <Filename Value="Main.pas"/>
        <Caret Line="107" TopLine="93"/>
      </Position27>
      <Position28>
        <Filename Value="Main.pas"/>
        <Caret Line="117" TopLine="108"/>
      </Position28>
      <Position29>
        <Filename Value="Main.pas"/>
        <Caret Line="125" Column="33" TopLine="123"/>
      </Position29>
    </JumpHistory>
  </ProjectOptions>
  <CompilerOptions>
    <Version Value="11"/>
    <PathDelim Value="\"/>
    <Target>
      <Filename Value="pmake-gui"/>
    </Target>
    <SearchPaths>
      <IncludeFiles Value="$(ProjOutDir)"/>
      <OtherUnitFiles Value="..\pmake"/>
      <UnitOutputDirectory Value="lib\$(TargetCPU)-$(TargetOS)"/>
    </SearchPaths>
    <Linking>
      <Options>
        <Win32>
          <GraphicApplication Value="True"/>
        </Win32>
      </Options>
    </Linking>
  </CompilerOptions>
  <Debugging>
    <BreakPoints Count="2">
      <Item1>
        <Kind Value="bpkSource"/>
        <WatchScope Value="wpsLocal"/>
        <WatchKind Value="wpkWrite"/>
        <Source Value="Main.pas"/>
        <Line Value="96"/>
      </Item1>
      <Item2>
        <Kind Value="bpkSource"/>
        <WatchScope Value="wpsLocal"/>
        <WatchKind Value="wpkWrite"/>
        <Source Value="Main.pas"/>
        <Line Value="123"/>
      </Item2>
    </BreakPoints>
    <Exceptions Count="3">
      <Item1>
        <Name Value="EAbort"/>
      </Item1>
      <Item2>
        <Name Value="ECodetoolError"/>
      </Item2>
      <Item3>
        <Name Value="EFOpenError"/>
      </Item3>
    </Exceptions>
  </Debugging>
</CONFIG>
